
Microsoft Visual Studio Solution File, Format Version 12.00
# Visual Studio Version 16
VisualStudioVersion = 16.0.810.14
MinimumVisualStudioVersion = 10.0.40219.1
Project("{FAE04EC0-301F-11D3-BF4B-00C04F79EFBC}") = "DataTransferer", "DataTransferer\DataTransferer.csproj", "{534CFE45-1427-48A5-B1C7-B9B95808B41D}"
EndProject
Global
	GlobalSection(SolutionConfigurationPlatforms) = preSolution
		Debug|Any CPU = Debug|Any CPU
		Release|Any CPU = Release|Any CPU
	EndGlobalSection
	GlobalSection(ProjectConfigurationPlatforms) = postSolution
		{534CFE45-1427-48A5-B1C7-B9B95808B41D}.Debug|Any CPU.ActiveCfg = Debug|Any CPU
		{534CFE45-1427-48A5-B1C7-B9B95808B41D}.Debug|Any CPU.Build.0 = Debug|Any CPU
		{534CFE45-1427-48A5-B1C7-B9B95808B41D}.Release|Any CPU.ActiveCfg = Release|Any CPU
		{534CFE45-1427-48A5-B1C7-B9B95808B41D}.Release|Any CPU.Build.0 = Release|Any CPU
	EndGlobalSection
	GlobalSection(SolutionProperties) = preSolution
		HideSolutionNode = FALSE
	EndGlobalSection
	GlobalSection(ExtensibilityGlobals) = postSolution
		SolutionGuid = {B628C778-8D31-4466-AC42-D9B97B03981B}
	EndGlobalSection
EndGlobal
